
Microsoft Visual Studio Solution File, Format Version 12.00
# Visual Studio Version 16
VisualStudioVersion = 16.0.31005.135
MinimumVisualStudioVersion = 10.0.40219.1
Project("{9A19103F-16F7-4668-BE54-9A1E7A4F7556}") = "Servicos.Server", "Server\Servicos.Server.csproj", "{E5E7C63B-0860-4264-A443-D14AACEEC02E}"
EndProject
Project("{9A19103F-16F7-4668-BE54-9A1E7A4F7556}") = "Servicos.Client", "Client\Servicos.Client.csproj", "{ECF0C006-35BD-4C76-B2BD-F375AA1E5885}"
EndProject
Project("{9A19103F-16F7-4668-BE54-9A1E7A4F7556}") = "Servicos.Shared", "Shared\Servicos.Shared.csproj", "{05C810F3-8A6A-4AB8-9A35-1239E252914B}"
EndProject
Global
	GlobalSection(SolutionConfigurationPlatforms) = preSolution
		Debug|Any CPU = Debug|Any CPU
		Release|Any CPU = Release|Any CPU
	EndGlobalSection
	GlobalSection(ProjectConfigurationPlatforms) = postSolution
		{E5E7C63B-0860-4264-A443-D14AACEEC02E}.Debug|Any CPU.ActiveCfg = Debug|Any CPU
		{E5E7C63B-0860-4264-A443-D14AACEEC02E}.Debug|Any CPU.Build.0 = Debug|Any CPU
		{E5E7C63B-0860-4264-A443-D14AACEEC02E}.Release|Any CPU.ActiveCfg = Release|Any CPU
		{E5E7C63B-0860-4264-A443-D14AACEEC02E}.Release|Any CPU.Build.0 = Release|Any CPU
		{ECF0C006-35BD-4C76-B2BD-F375AA1E5885}.Debug|Any CPU.ActiveCfg = Debug|Any CPU
		{ECF0C006-35BD-4C76-B2BD-F375AA1E5885}.Debug|Any CPU.Build.0 = Debug|Any CPU
		{ECF0C006-35BD-4C76-B2BD-F375AA1E5885}.Release|Any CPU.ActiveCfg = Release|Any CPU
		{ECF0C006-35BD-4C76-B2BD-F375AA1E5885}.Release|Any CPU.Build.0 = Release|Any CPU
		{05C810F3-8A6A-4AB8-9A35-1239E252914B}.Debug|Any CPU.ActiveCfg = Debug|Any CPU
		{05C810F3-8A6A-4AB8-9A35-1239E252914B}.Debug|Any CPU.Build.0 = Debug|Any CPU
		{05C810F3-8A6A-4AB8-9A35-1239E252914B}.Release|Any CPU.ActiveCfg = Release|Any CPU
		{05C810F3-8A6A-4AB8-9A35-1239E252914B}.Release|Any CPU.Build.0 = Release|Any CPU
	EndGlobalSection
	GlobalSection(SolutionProperties) = preSolution
		HideSolutionNode = FALSE
	EndGlobalSection
	GlobalSection(ExtensibilityGlobals) = postSolution
		SolutionGuid = {F48070E5-B5E2-436D-8C69-26865675B4AB}
	EndGlobalSection
EndGlobal
